// !$*UTF8*$!
{
    archiveVersion = 1;
    classes = {
    };
    objectVersion = 50;
    objects = {

/* Begin PBXBuildFile section */
        2515616F21DDF0A7008294FE /* PlayerNode.swift in Sources */ = {isa = PBXBuildFile; fileRef = 2515616E21DDF0A7008294FE /* PlayerNode.swift */; };
        2515617121DDF47B008294FE /* EnemyNode.swift in Sources */ = {isa = PBXBuildFile; fileRef = 2515617021DDF47B008294FE /* EnemyNode.swift */; };
        252CFC4421DF1F9800BA7C5A /* DummyPopupQuiz.swift in Sources */ = {isa = PBXBuildFile; fileRef = 252CFC4021DF1F9800BA7C5A /* DummyPopupQuiz.swift */; };
        252CFC4521DF1F9800BA7C5A /* QnA.swift in Sources */ = {isa = PBXBuildFile; fileRef = 252CFC4121DF1F9800BA7C5A /* QnA.swift */; };
        252CFC4621DF1F9800BA7C5A /* ShapeQuestion.swift in Sources */ = {isa = PBXBuildFile; fileRef = 252CFC4221DF1F9800BA7C5A /* ShapeQuestion.swift */; };
        252CFC4721DF1F9800BA7C5A /* PopupQuiz.sks in Resources */ = {isa = PBXBuildFile; fileRef = 252CFC4321DF1F9800BA7C5A /* PopupQuiz.sks */; };
        254A8FA221E83956005974DA /* EnemyStruct.swift in Sources */ = {isa = PBXBuildFile; fileRef = 254A8FA121E83956005974DA /* EnemyStruct.swift */; };
        254A8FA421E83965005974DA /* StageStruct.swift in Sources */ = {isa = PBXBuildFile; fileRef = 254A8FA321E83965005974DA /* StageStruct.swift */; };
        255EF52E21E59B240098FFD9 /* AttackIcon.swift in Sources */ = {isa = PBXBuildFile; fileRef = 255EF52D21E59B240098FFD9 /* AttackIcon.swift */; };
        255EF53021E59B340098FFD9 /* DefenseIcon.swift in Sources */ = {isa = PBXBuildFile; fileRef = 255EF52F21E59B340098FFD9 /* DefenseIcon.swift */; };
        255EF53221E59F4E0098FFD9 /* Damage.swift in Sources */ = {isa = PBXBuildFile; fileRef = 255EF53121E59F4E0098FFD9 /* Damage.swift */; };
        259A8FA421E2F6CD00CFA23A /* PlayerHP.swift in Sources */ = {isa = PBXBuildFile; fileRef = 259A8FA321E2F6CD00CFA23A /* PlayerHP.swift */; };
        259A8FA621E2F6D800CFA23A /* EnemyHP.swift in Sources */ = {isa = PBXBuildFile; fileRef = 259A8FA521E2F6D800CFA23A /* EnemyHP.swift */; };
        259A8FA821E306E800CFA23A /* PopupFrame.swift in Sources */ = {isa = PBXBuildFile; fileRef = 259A8FA721E306E800CFA23A /* PopupFrame.swift */; };
        25AE54EE21E6F019005C4F1C /* TimerBar.swift in Sources */ = {isa = PBXBuildFile; fileRef = 25AE54ED21E6F019005C4F1C /* TimerBar.swift */; };
        25E16BF421EEE35E000BF6C9 /* WinFrame.swift in Sources */ = {isa = PBXBuildFile; fileRef = 25E16BF321EEE35E000BF6C9 /* WinFrame.swift */; };
        25E16BF621EEE6E3000BF6C9 /* LoseFrame.swift in Sources */ = {isa = PBXBuildFile; fileRef = 25E16BF521EEE6E3000BF6C9 /* LoseFrame.swift */; };
        25ED1BF921DE140600FB2CD4 /* Attack.swift in Sources */ = {isa = PBXBuildFile; fileRef = 25ED1BF821DE140600FB2CD4 /* Attack.swift */; };
        3631F36C21E5B6E3004917F4 /* ColorPopupQuiz.swift in Sources */ = {isa = PBXBuildFile; fileRef = 3631F36B21E5B6E3004917F4 /* ColorPopupQuiz.swift */; };
        36E6D9B521EC478400B40B49 /* MainScene.swift in Sources */ = {isa = PBXBuildFile; fileRef = 36E6D9B421EC478400B40B49 /* MainScene.swift */; };
        36E6D9B721EC71D400B40B49 /* PlayIcon.swift in Sources */ = {isa = PBXBuildFile; fileRef = 36E6D9B621EC71D400B40B49 /* PlayIcon.swift */; };
        36E6D9B921EC745000B40B49 /* SettingIcon.swift in Sources */ = {isa = PBXBuildFile; fileRef = 36E6D9B821EC745000B40B49 /* SettingIcon.swift */; };
        36E6D9BB21EC7AD900B40B49 /* HistoryIcon.swift in Sources */ = {isa = PBXBuildFile; fileRef = 36E6D9BA21EC7AD900B40B49 /* HistoryIcon.swift */; };
        36E6D9BD21EC7B0E00B40B49 /* HelpIcon.swift in Sources */ = {isa = PBXBuildFile; fileRef = 36E6D9BC21EC7B0E00B40B49 /* HelpIcon.swift */; };
        36E6D9BF21ED4F6C00B40B49 /* SettingPopup.swift in Sources */ = {isa = PBXBuildFile; fileRef = 36E6D9BE21ED4F6C00B40B49 /* SettingPopup.swift */; };
        36E6D9C821EEE47500B40B49 /* Quicksand_Book_Oblique.otf in Resources */ = {isa = PBXBuildFile; fileRef = 36E6D9C121EEE47400B40B49 /* Quicksand_Book_Oblique.otf */; };
        36E6D9C921EEE47500B40B49 /* Quicksand_Light.otf in Resources */ = {isa = PBXBuildFile; fileRef = 36E6D9C221EEE47400B40B49 /* Quicksand_Light.otf */; };
        36E6D9CA21EEE47500B40B49 /* Quicksand_Book.otf in Resources */ = {isa = PBXBuildFile; fileRef = 36E6D9C321EEE47400B40B49 /* Quicksand_Book.otf */; };
        36E6D9CB21EEE47500B40B49 /* Quicksand_Light_Oblique.otf in Resources */ = {isa = PBXBuildFile; fileRef = 36E6D9C421EEE47400B40B49 /* Quicksand_Light_Oblique.otf */; };
        36E6D9CC21EEE47500B40B49 /* Quicksand_Bold_Oblique.otf in Resources */ = {isa = PBXBuildFile; fileRef = 36E6D9C521EEE47400B40B49 /* Quicksand_Bold_Oblique.otf */; };
        36E6D9CD21EEE47500B40B49 /* Quicksand_Dash.otf in Resources */ = {isa = PBXBuildFile; fileRef = 36E6D9C621EEE47500B40B49 /* Quicksand_Dash.otf */; };
        36E6D9CE21EEE47500B40B49 /* Quicksand_Bold.otf in Resources */ = {isa = PBXBuildFile; fileRef = 36E6D9C721EEE47500B40B49 /* Quicksand_Bold.otf */; };
        3708912C21E2F7150065EC92 /* PopupDelegate.swift in Sources */ = {isa = PBXBuildFile; fileRef = 3708912B21E2F7150065EC92 /* PopupDelegate.swift */; };
        37255D0F21E203C400E64AA7 /* bgm in Resources */ = {isa = PBXBuildFile; fileRef = 37255D0E21E203C400E64AA7 /* bgm */; };
        37391D3821E1F59900AE59E0 /* BackgroundMusicPlayer.swift in Sources */ = {isa = PBXBuildFile; fileRef = 37391D3721E1F59900AE59E0 /* BackgroundMusicPlayer.swift */; };
        373A51C721EADE69002EDFC1 /* DataModel.xcdatamodeld in Sources */ = {isa = PBXBuildFile; fileRef = 373A51C521EADE69002EDFC1 /* DataModel.xcdatamodeld */; };
        373A51CA21EAE165002EDFC1 /* LocalPersistence.swift in Sources */ = {isa = PBXBuildFile; fileRef = 373A51C921EAE165002EDFC1 /* LocalPersistence.swift */; };
        375BB4CB21EB51FC000969D9 /* QuizCategory.swift in Sources */ = {isa = PBXBuildFile; fileRef = 375BB4CA21EB51FC000969D9 /* QuizCategory.swift */; };
        376E6D9321DC736E005B830E /* AppDelegate.swift in Sources */ = {isa = PBXBuildFile; fileRef = 376E6D9221DC736E005B830E /* AppDelegate.swift */; };
        376E6D9921DC736E005B830E /* GameScene.swift in Sources */ = {isa = PBXBuildFile; fileRef = 376E6D9821DC736E005B830E /* GameScene.swift */; };
        376E6D9B21DC736E005B830E /* GameViewController.swift in Sources */ = {isa = PBXBuildFile; fileRef = 376E6D9A21DC736E005B830E /* GameViewController.swift */; };
        376E6D9E21DC736E005B830E /* Main.storyboard in Resources */ = {isa = PBXBuildFile; fileRef = 376E6D9C21DC736E005B830E /* Main.storyboard */; };
        376E6DA021DC736F005B830E /* Assets.xcassets in Resources */ = {isa = PBXBuildFile; fileRef = 376E6D9F21DC736F005B830E /* Assets.xcassets */; };
        376E6DA321DC736F005B830E /* LaunchScreen.storyboard in Resources */ = {isa = PBXBuildFile; fileRef = 376E6DA121DC736F005B830E /* LaunchScreen.storyboard */; };
        376E6DAE21DC736F005B830E /* FinalProjectTests.swift in Sources */ = {isa = PBXBuildFile; fileRef = 376E6DAD21DC736F005B830E /* FinalProjectTests.swift */; };
/* End PBXBuildFile section */

/* Begin PBXContainerItemProxy section */
        376E6DAA21DC736F005B830E /* PBXContainerItemProxy */ = {
            isa = PBXContainerItemProxy;
            containerPortal = 376E6D8721DC736E005B830E /* Project object */;
            proxyType = 1;
            remoteGlobalIDString = 376E6D8E21DC736E005B830E;
            remoteInfo = FinalProject;
        };
/* End PBXContainerItemProxy section */

/* Begin PBXFileReference section */
        2515616E21DDF0A7008294FE /* PlayerNode.swift */ = {isa = PBXFileReference; lastKnownFileType = sourcecode.swift; path = PlayerNode.swift; sourceTree = "<group>"; };
        2515617021DDF47B008294FE /* EnemyNode.swift */ = {isa = PBXFileReference; lastKnownFileType = sourcecode.swift; path = EnemyNode.swift; sourceTree = "<group>"; };
        252CFC4021DF1F9800BA7C5A /* DummyPopupQuiz.swift */ = {isa = PBXFileReference; fileEncoding = 4; lastKnownFileType = sourcecode.swift; path = DummyPopupQuiz.swift; sourceTree = "<group>"; };
        252CFC4121DF1F9800BA7C5A /* QnA.swift */ = {isa = PBXFileReference; fileEncoding = 4; lastKnownFileType = sourcecode.swift; path = QnA.swift; sourceTree = "<group>"; };
        252CFC4221DF1F9800BA7C5A /* ShapeQuestion.swift */ = {isa = PBXFileReference; fileEncoding = 4; lastKnownFileType = sourcecode.swift; path = ShapeQuestion.swift; sourceTree = "<group>"; };
        252CFC4321DF1F9800BA7C5A /* PopupQuiz.sks */ = {isa = PBXFileReference; lastKnownFileType = file.sks; path = PopupQuiz.sks; sourceTree = "<group>"; };
        254A8FA121E83956005974DA /* EnemyStruct.swift */ = {isa = PBXFileReference; lastKnownFileType = sourcecode.swift; path = EnemyStruct.swift; sourceTree = "<group>"; };
        254A8FA321E83965005974DA /* StageStruct.swift */ = {isa = PBXFileReference; lastKnownFileType = sourcecode.swift; path = StageStruct.swift; sourceTree = "<group>"; };
        255EF52D21E59B240098FFD9 /* AttackIcon.swift */ = {isa = PBXFileReference; lastKnownFileType = sourcecode.swift; path = AttackIcon.swift; sourceTree = "<group>"; };
        255EF52F21E59B340098FFD9 /* DefenseIcon.swift */ = {isa = PBXFileReference; lastKnownFileType = sourcecode.swift; path = DefenseIcon.swift; sourceTree = "<group>"; };
        255EF53121E59F4E0098FFD9 /* Damage.swift */ = {isa = PBXFileReference; lastKnownFileType = sourcecode.swift; path = Damage.swift; sourceTree = "<group>"; };
        259A8FA321E2F6CD00CFA23A /* PlayerHP.swift */ = {isa = PBXFileReference; lastKnownFileType = sourcecode.swift; path = PlayerHP.swift; sourceTree = "<group>"; };
        259A8FA521E2F6D800CFA23A /* EnemyHP.swift */ = {isa = PBXFileReference; lastKnownFileType = sourcecode.swift; path = EnemyHP.swift; sourceTree = "<group>"; };
        259A8FA721E306E800CFA23A /* PopupFrame.swift */ = {isa = PBXFileReference; fileEncoding = 4; lastKnownFileType = sourcecode.swift; path = PopupFrame.swift; sourceTree = "<group>"; };
        25AE54ED21E6F019005C4F1C /* TimerBar.swift */ = {isa = PBXFileReference; lastKnownFileType = sourcecode.swift; path = TimerBar.swift; sourceTree = "<group>"; };
        25E16BF321EEE35E000BF6C9 /* WinFrame.swift */ = {isa = PBXFileReference; lastKnownFileType = sourcecode.swift; path = WinFrame.swift; sourceTree = "<group>"; };
        25E16BF521EEE6E3000BF6C9 /* LoseFrame.swift */ = {isa = PBXFileReference; lastKnownFileType = sourcecode.swift; path = LoseFrame.swift; sourceTree = "<group>"; };
        25ED1BF821DE140600FB2CD4 /* Attack.swift */ = {isa = PBXFileReference; lastKnownFileType = sourcecode.swift; path = Attack.swift; sourceTree = "<group>"; };
        3631F36B21E5B6E3004917F4 /* ColorPopupQuiz.swift */ = {isa = PBXFileReference; fileEncoding = 4; lastKnownFileType = sourcecode.swift; path = ColorPopupQuiz.swift; sourceTree = "<group>"; };
        36E6D9B421EC478400B40B49 /* MainScene.swift */ = {isa = PBXFileReference; lastKnownFileType = sourcecode.swift; path = MainScene.swift; sourceTree = "<group>"; };
        36E6D9B621EC71D400B40B49 /* PlayIcon.swift */ = {isa = PBXFileReference; lastKnownFileType = sourcecode.swift; path = PlayIcon.swift; sourceTree = "<group>"; };
        36E6D9B821EC745000B40B49 /* SettingIcon.swift */ = {isa = PBXFileReference; lastKnownFileType = sourcecode.swift; path = SettingIcon.swift; sourceTree = "<group>"; };
        36E6D9BA21EC7AD900B40B49 /* HistoryIcon.swift */ = {isa = PBXFileReference; lastKnownFileType = sourcecode.swift; path = HistoryIcon.swift; sourceTree = "<group>"; };
        36E6D9BC21EC7B0E00B40B49 /* HelpIcon.swift */ = {isa = PBXFileReference; lastKnownFileType = sourcecode.swift; path = HelpIcon.swift; sourceTree = "<group>"; };
        36E6D9BE21ED4F6C00B40B49 /* SettingPopup.swift */ = {isa = PBXFileReference; lastKnownFileType = sourcecode.swift; path = SettingPopup.swift; sourceTree = "<group>"; };
        36E6D9C121EEE47400B40B49 /* Quicksand_Book_Oblique.otf */ = {isa = PBXFileReference; lastKnownFileType = file; path = Quicksand_Book_Oblique.otf; sourceTree = "<group>"; };
        36E6D9C221EEE47400B40B49 /* Quicksand_Light.otf */ = {isa = PBXFileReference; lastKnownFileType = file; path = Quicksand_Light.otf; sourceTree = "<group>"; };
        36E6D9C321EEE47400B40B49 /* Quicksand_Book.otf */ = {isa = PBXFileReference; lastKnownFileType = file; path = Quicksand_Book.otf; sourceTree = "<group>"; };
        36E6D9C421EEE47400B40B49 /* Quicksand_Light_Oblique.otf */ = {isa = PBXFileReference; lastKnownFileType = file; path = Quicksand_Light_Oblique.otf; sourceTree = "<group>"; };
        36E6D9C521EEE47400B40B49 /* Quicksand_Bold_Oblique.otf */ = {isa = PBXFileReference; lastKnownFileType = file; path = Quicksand_Bold_Oblique.otf; sourceTree = "<group>"; };
        36E6D9C621EEE47500B40B49 /* Quicksand_Dash.otf */ = {isa = PBXFileReference; lastKnownFileType = file; path = Quicksand_Dash.otf; sourceTree = "<group>"; };
        36E6D9C721EEE47500B40B49 /* Quicksand_Bold.otf */ = {isa = PBXFileReference; lastKnownFileType = file; path = Quicksand_Bold.otf; sourceTree = "<group>"; };
        3708912B21E2F7150065EC92 /* PopupDelegate.swift */ = {isa = PBXFileReference; lastKnownFileType = sourcecode.swift; path = PopupDelegate.swift; sourceTree = "<group>"; };
        37255D0E21E203C400E64AA7 /* bgm */ = {isa = PBXFileReference; lastKnownFileType = folder; path = bgm; sourceTree = "<group>"; };
        37391D3721E1F59900AE59E0 /* BackgroundMusicPlayer.swift */ = {isa = PBXFileReference; lastKnownFileType = sourcecode.swift; path = BackgroundMusicPlayer.swift; sourceTree = "<group>"; };
        373A51C621EADE69002EDFC1 /* DataModel.xcdatamodel */ = {isa = PBXFileReference; lastKnownFileType = wrapper.xcdatamodel; path = DataModel.xcdatamodel; sourceTree = "<group>"; };
        373A51C921EAE165002EDFC1 /* LocalPersistence.swift */ = {isa = PBXFileReference; lastKnownFileType = sourcecode.swift; path = LocalPersistence.swift; sourceTree = "<group>"; };
        375BB4CA21EB51FC000969D9 /* QuizCategory.swift */ = {isa = PBXFileReference; lastKnownFileType = sourcecode.swift; path = QuizCategory.swift; sourceTree = "<group>"; };
        376E6D8F21DC736E005B830E /* FinalProject.app */ = {isa = PBXFileReference; explicitFileType = wrapper.application; includeInIndex = 0; path = FinalProject.app; sourceTree = BUILT_PRODUCTS_DIR; };
        376E6D9221DC736E005B830E /* AppDelegate.swift */ = {isa = PBXFileReference; lastKnownFileType = sourcecode.swift; path = AppDelegate.swift; sourceTree = "<group>"; };
        376E6D9821DC736E005B830E /* GameScene.swift */ = {isa = PBXFileReference; lastKnownFileType = sourcecode.swift; path = GameScene.swift; sourceTree = "<group>"; };
        376E6D9A21DC736E005B830E /* GameViewController.swift */ = {isa = PBXFileReference; lastKnownFileType = sourcecode.swift; path = GameViewController.swift; sourceTree = "<group>"; };
        376E6D9D21DC736E005B830E /* Base */ = {isa = PBXFileReference; lastKnownFileType = file.storyboard; name = Base; path = Base.lproj/Main.storyboard; sourceTree = "<group>"; };
        376E6D9F21DC736F005B830E /* Assets.xcassets */ = {isa = PBXFileReference; lastKnownFileType = folder.assetcatalog; path = Assets.xcassets; sourceTree = "<group>"; };
        376E6DA221DC736F005B830E /* Base */ = {isa = PBXFileReference; lastKnownFileType = file.storyboard; name = Base; path = Base.lproj/LaunchScreen.storyboard; sourceTree = "<group>"; };
        376E6DA421DC736F005B830E /* Info.plist */ = {isa = PBXFileReference; lastKnownFileType = text.plist.xml; path = Info.plist; sourceTree = "<group>"; };
        376E6DA921DC736F005B830E /* FinalProjectTests.xctest */ = {isa = PBXFileReference; explicitFileType = wrapper.cfbundle; includeInIndex = 0; path = FinalProjectTests.xctest; sourceTree = BUILT_PRODUCTS_DIR; };
        376E6DAD21DC736F005B830E /* FinalProjectTests.swift */ = {isa = PBXFileReference; lastKnownFileType = sourcecode.swift; path = FinalProjectTests.swift; sourceTree = "<group>"; };
        376E6DAF21DC736F005B830E /* Info.plist */ = {isa = PBXFileReference; lastKnownFileType = text.plist.xml; path = Info.plist; sourceTree = "<group>"; };
/* End PBXFileReference section */

/* Begin PBXFrameworksBuildPhase section */
        376E6D8C21DC736E005B830E /* Frameworks */ = {
            isa = PBXFrameworksBuildPhase;
            buildActionMask = 2147483647;
            files = (
            );
            runOnlyForDeploymentPostprocessing = 0;
        };
        376E6DA621DC736F005B830E /* Frameworks */ = {
            isa = PBXFrameworksBuildPhase;
            buildActionMask = 2147483647;
            files = (
            );
            runOnlyForDeploymentPostprocessing = 0;
        };
/* End PBXFrameworksBuildPhase section */

/* Begin PBXGroup section */
        252CFC3F21DF1F9800BA7C5A /* QuizPopup */ = {
            isa = PBXGroup;
            children = (
                3631F36B21E5B6E3004917F4 /* ColorPopupQuiz.swift */,
                259A8FA721E306E800CFA23A /* PopupFrame.swift */,
                252CFC4021DF1F9800BA7C5A /* DummyPopupQuiz.swift */,
                3708912B21E2F7150065EC92 /* PopupDelegate.swift */,
                252CFC4121DF1F9800BA7C5A /* QnA.swift */,
                252CFC4221DF1F9800BA7C5A /* ShapeQuestion.swift */,
                252CFC4321DF1F9800BA7C5A /* PopupQuiz.sks */,
            );
            path = QuizPopup;
            sourceTree = "<group>";
        };
        253144D021E43F9E00629058 /* HP Bar */ = {
            isa = PBXGroup;
            children = (
                259A8FA321E2F6CD00CFA23A /* PlayerHP.swift */,
                259A8FA521E2F6D800CFA23A /* EnemyHP.swift */,
            );
            path = "HP Bar";
            sourceTree = "<group>";
        };
        254A8FA021E838C4005974DA /* Struct */ = {
            isa = PBXGroup;
            children = (
                254A8FA121E83956005974DA /* EnemyStruct.swift */,
                254A8FA321E83965005974DA /* StageStruct.swift */,
            );
            path = Struct;
            sourceTree = "<group>";
        };
        255EF52C21E596750098FFD9 /* Character & Assets */ = {
            isa = PBXGroup;
            children = (
                2515616E21DDF0A7008294FE /* PlayerNode.swift */,
                2515617021DDF47B008294FE /* EnemyNode.swift */,
                25ED1BF821DE140600FB2CD4 /* Attack.swift */,
                255EF53121E59F4E0098FFD9 /* Damage.swift */,
            );
            path = "Character & Assets";
            sourceTree = "<group>";
        };
        25AE54EF21E71A2D005C4F1C /* Icon */ = {
            isa = PBXGroup;
            children = (
                255EF52D21E59B240098FFD9 /* AttackIcon.swift */,
                255EF52F21E59B340098FFD9 /* DefenseIcon.swift */,
                36E6D9B621EC71D400B40B49 /* PlayIcon.swift */,
                36E6D9B821EC745000B40B49 /* SettingIcon.swift */,
                36E6D9BA21EC7AD900B40B49 /* HistoryIcon.swift */,
                36E6D9BC21EC7B0E00B40B49 /* HelpIcon.swift */,
            );
            path = Icon;
            sourceTree = "<group>";
        };
        25AE54F021E71A7D005C4F1C /* Timer Bar */ = {
            isa = PBXGroup;
            children = (
                25AE54ED21E6F019005C4F1C /* TimerBar.swift */,
            );
            path = "Timer Bar";
            sourceTree = "<group>";
        };
		25E16BF221EEE348000BF6C9 /* WinLose Frame */ = {
            isa = PBXGroup;
            children = (
				25E16BF321EEE35E000BF6C9 /* WinFrame.swift */,
				25E16BF521EEE6E3000BF6C9 /* LoseFrame.swift */,
            );
			path = "WinLose Frame";
            sourceTree = "<group>";
        };
        373A51C821EADE80002EDFC1 /* Local Persistence */ = {
            isa = PBXGroup;
            children = (
                373A51C521EADE69002EDFC1 /* DataModel.xcdatamodeld */,
                373A51C921EAE165002EDFC1 /* LocalPersistence.swift */,
            );
            path = "Local Persistence";
            sourceTree = "<group>";
        };
        376E6D8621DC736E005B830E = {
            isa = PBXGroup;
            children = (
                37255D0E21E203C400E64AA7 /* bgm */,
                376E6D9121DC736E005B830E /* FinalProject */,
                376E6DAC21DC736F005B830E /* FinalProjectTests */,
                376E6D9021DC736E005B830E /* Products */,
            );
            sourceTree = "<group>";
        };
        376E6D9021DC736E005B830E /* Products */ = {
            isa = PBXGroup;
            children = (
                376E6D8F21DC736E005B830E /* FinalProject.app */,
                376E6DA921DC736F005B830E /* FinalProjectTests.xctest */,
            );
            name = Products;
            sourceTree = "<group>";
        };
        376E6D9121DC736E005B830E /* FinalProject */ = {
            isa = PBXGroup;
            children = (
				25E16BF221EEE348000BF6C9 /* WinLose Frame */,
                373A51C821EADE80002EDFC1 /* Local Persistence */,
                254A8FA021E838C4005974DA /* Struct */,
                25AE54F021E71A7D005C4F1C /* Timer Bar */,
                25AE54EF21E71A2D005C4F1C /* Icon */,
                255EF52C21E596750098FFD9 /* Character & Assets */,
                253144D021E43F9E00629058 /* HP Bar */,
                252CFC3F21DF1F9800BA7C5A /* QuizPopup */,
                376E6D9221DC736E005B830E /* AppDelegate.swift */,
                375BB4CA21EB51FC000969D9 /* QuizCategory.swift */,
                36E6D9BE21ED4F6C00B40B49 /* SettingPopup.swift */,
                37391D3721E1F59900AE59E0 /* BackgroundMusicPlayer.swift */,
                36E6D9B421EC478400B40B49 /* MainScene.swift */,
                376E6D9821DC736E005B830E /* GameScene.swift */,
                376E6D9A21DC736E005B830E /* GameViewController.swift */,
                376E6D9C21DC736E005B830E /* Main.storyboard */,
                376E6D9F21DC736F005B830E /* Assets.xcassets */,
                376E6DA121DC736F005B830E /* LaunchScreen.storyboard */,
                376E6DA421DC736F005B830E /* Info.plist */,
            );
            path = FinalProject;
            sourceTree = "<group>";
        };
        376E6DAC21DC736F005B830E /* FinalProjectTests */ = {
            isa = PBXGroup;
            children = (
                376E6DAD21DC736F005B830E /* FinalProjectTests.swift */,
                376E6DAF21DC736F005B830E /* Info.plist */,
            );
            path = FinalProjectTests;
            sourceTree = "<group>";
        };
/* End PBXGroup section */

/* Begin PBXNativeTarget section */
        376E6D8E21DC736E005B830E /* FinalProject */ = {
            isa = PBXNativeTarget;
            buildConfigurationList = 376E6DB221DC736F005B830E /* Build configuration list for PBXNativeTarget "FinalProject" */;
            buildPhases = (
                376E6D8B21DC736E005B830E /* Sources */,
                376E6D8C21DC736E005B830E /* Frameworks */,
                376E6D8D21DC736E005B830E /* Resources */,
            );
            buildRules = (
            );
            dependencies = (
            );
            name = FinalProject;
            productName = FinalProject;
            productReference = 376E6D8F21DC736E005B830E /* FinalProject.app */;
            productType = "com.apple.product-type.application";
        };
        376E6DA821DC736F005B830E /* FinalProjectTests */ = {
            isa = PBXNativeTarget;
            buildConfigurationList = 376E6DB521DC736F005B830E /* Build configuration list for PBXNativeTarget "FinalProjectTests" */;
            buildPhases = (
                376E6DA521DC736F005B830E /* Sources */,
                376E6DA621DC736F005B830E /* Frameworks */,
                376E6DA721DC736F005B830E /* Resources */,
            );
            buildRules = (
            );
            dependencies = (
                376E6DAB21DC736F005B830E /* PBXTargetDependency */,
            );
            name = FinalProjectTests;
            productName = FinalProjectTests;
            productReference = 376E6DA921DC736F005B830E /* FinalProjectTests.xctest */;
            productType = "com.apple.product-type.bundle.unit-test";
        };
/* End PBXNativeTarget section */

/* Begin PBXProject section */
        376E6D8721DC736E005B830E /* Project object */ = {
            isa = PBXProject;
            attributes = {
                LastSwiftUpdateCheck = 1010;
                LastUpgradeCheck = 1010;
                ORGANIZATIONNAME = "Kelompok 3";
                TargetAttributes = {
                    376E6D8E21DC736E005B830E = {
                        CreatedOnToolsVersion = 10.1;
                    };
                    376E6DA821DC736F005B830E = {
                        CreatedOnToolsVersion = 10.1;
                        TestTargetID = 376E6D8E21DC736E005B830E;
                    };
                };
            };
            buildConfigurationList = 376E6D8A21DC736E005B830E /* Build configuration list for PBXProject "FinalProject" */;
            compatibilityVersion = "Xcode 9.3";
            developmentRegion = en;
            hasScannedForEncodings = 0;
            knownRegions = (
                en,
                Base,
            );
            mainGroup = 376E6D8621DC736E005B830E;
            productRefGroup = 376E6D9021DC736E005B830E /* Products */;
            projectDirPath = "";
            projectRoot = "";
            targets = (
                376E6D8E21DC736E005B830E /* FinalProject */,
                376E6DA821DC736F005B830E /* FinalProjectTests */,
            );
        };
/* End PBXProject section */

/* Begin PBXResourcesBuildPhase section */
        376E6D8D21DC736E005B830E /* Resources */ = {
            isa = PBXResourcesBuildPhase;
            buildActionMask = 2147483647;
            files = (
                36E6D9C821EEE47500B40B49 /* Quicksand_Book_Oblique.otf in Resources */,
                36E6D9CD21EEE47500B40B49 /* Quicksand_Dash.otf in Resources */,
                37255D0F21E203C400E64AA7 /* bgm in Resources */,
                36E6D9C921EEE47500B40B49 /* Quicksand_Light.otf in Resources */,
                36E6D9CB21EEE47500B40B49 /* Quicksand_Light_Oblique.otf in Resources */,
                36E6D9CC21EEE47500B40B49 /* Quicksand_Bold_Oblique.otf in Resources */,
                376E6D9E21DC736E005B830E /* Main.storyboard in Resources */,
                252CFC4721DF1F9800BA7C5A /* PopupQuiz.sks in Resources */,
                36E6D9CE21EEE47500B40B49 /* Quicksand_Bold.otf in Resources */,
                376E6DA021DC736F005B830E /* Assets.xcassets in Resources */,
                36E6D9CA21EEE47500B40B49 /* Quicksand_Book.otf in Resources */,
                376E6DA321DC736F005B830E /* LaunchScreen.storyboard in Resources */,
            );
            runOnlyForDeploymentPostprocessing = 0;
        };
        376E6DA721DC736F005B830E /* Resources */ = {
            isa = PBXResourcesBuildPhase;
            buildActionMask = 2147483647;
            files = (
            );
            runOnlyForDeploymentPostprocessing = 0;
        };
/* End PBXResourcesBuildPhase section */

/* Begin PBXSourcesBuildPhase section */
        376E6D8B21DC736E005B830E /* Sources */ = {
            isa = PBXSourcesBuildPhase;
            buildActionMask = 2147483647;
            files = (
                376E6D9921DC736E005B830E /* GameScene.swift in Sources */,
                373A51C721EADE69002EDFC1 /* DataModel.xcdatamodeld in Sources */,
                3631F36C21E5B6E3004917F4 /* ColorPopupQuiz.swift in Sources */,
                36E6D9BB21EC7AD900B40B49 /* HistoryIcon.swift in Sources */,
                252CFC4621DF1F9800BA7C5A /* ShapeQuestion.swift in Sources */,
                259A8FA421E2F6CD00CFA23A /* PlayerHP.swift in Sources */,
                259A8FA621E2F6D800CFA23A /* EnemyHP.swift in Sources */,
                255EF53221E59F4E0098FFD9 /* Damage.swift in Sources */,
                25E16BF621EEE6E3000BF6C9 /* LoseFrame.swift in Sources */,
                252CFC4521DF1F9800BA7C5A /* QnA.swift in Sources */,
                376E6D9B21DC736E005B830E /* GameViewController.swift in Sources */,
                36E6D9B721EC71D400B40B49 /* PlayIcon.swift in Sources */,
                3708912C21E2F7150065EC92 /* PopupDelegate.swift in Sources */,
                254A8FA421E83965005974DA /* StageStruct.swift in Sources */,
                2515617121DDF47B008294FE /* EnemyNode.swift in Sources */,
                36E6D9B921EC745000B40B49 /* SettingIcon.swift in Sources */,
                259A8FA821E306E800CFA23A /* PopupFrame.swift in Sources */,
                36E6D9B521EC478400B40B49 /* MainScene.swift in Sources */,
                373A51CA21EAE165002EDFC1 /* LocalPersistence.swift in Sources */,
                37391D3821E1F59900AE59E0 /* BackgroundMusicPlayer.swift in Sources */,
                36E6D9BF21ED4F6C00B40B49 /* SettingPopup.swift in Sources */,
                25E16BF421EEE35E000BF6C9 /* WinFrame.swift in Sources */,
                25ED1BF921DE140600FB2CD4 /* Attack.swift in Sources */,
                255EF52E21E59B240098FFD9 /* AttackIcon.swift in Sources */,
                2515616F21DDF0A7008294FE /* PlayerNode.swift in Sources */,
                376E6D9321DC736E005B830E /* AppDelegate.swift in Sources */,
                252CFC4421DF1F9800BA7C5A /* DummyPopupQuiz.swift in Sources */,
                375BB4CB21EB51FC000969D9 /* QuizCategory.swift in Sources */,
                25AE54EE21E6F019005C4F1C /* TimerBar.swift in Sources */,
                36E6D9BD21EC7B0E00B40B49 /* HelpIcon.swift in Sources */,
                255EF53021E59B340098FFD9 /* DefenseIcon.swift in Sources */,
                254A8FA221E83956005974DA /* EnemyStruct.swift in Sources */,
            );
            runOnlyForDeploymentPostprocessing = 0;
        };
        376E6DA521DC736F005B830E /* Sources */ = {
            isa = PBXSourcesBuildPhase;
            buildActionMask = 2147483647;
            files = (
                376E6DAE21DC736F005B830E /* FinalProjectTests.swift in Sources */,
            );
            runOnlyForDeploymentPostprocessing = 0;
        };
/* End PBXSourcesBuildPhase section */

/* Begin PBXTargetDependency section */
        376E6DAB21DC736F005B830E /* PBXTargetDependency */ = {
            isa = PBXTargetDependency;
            target = 376E6D8E21DC736E005B830E /* FinalProject */;
            targetProxy = 376E6DAA21DC736F005B830E /* PBXContainerItemProxy */;
        };
/* End PBXTargetDependency section */

/* Begin PBXVariantGroup section */
        376E6D9C21DC736E005B830E /* Main.storyboard */ = {
            isa = PBXVariantGroup;
            children = (
                376E6D9D21DC736E005B830E /* Base */,
            );
            name = Main.storyboard;
            sourceTree = "<group>";
        };
        376E6DA121DC736F005B830E /* LaunchScreen.storyboard */ = {
            isa = PBXVariantGroup;
            children = (
                376E6DA221DC736F005B830E /* Base */,
            );
            name = LaunchScreen.storyboard;
            sourceTree = "<group>";
        };
/* End PBXVariantGroup section */

/* Begin XCBuildConfiguration section */
        376E6DB021DC736F005B830E /* Debug */ = {
            isa = XCBuildConfiguration;
            buildSettings = {
                ALWAYS_SEARCH_USER_PATHS = NO;
                CLANG_ANALYZER_NONNULL = YES;
                CLANG_ANALYZER_NUMBER_OBJECT_CONVERSION = YES_AGGRESSIVE;
                CLANG_CXX_LANGUAGE_STANDARD = "gnu++14";
                CLANG_CXX_LIBRARY = "libc++";
                CLANG_ENABLE_MODULES = YES;
                CLANG_ENABLE_OBJC_ARC = YES;
                CLANG_ENABLE_OBJC_WEAK = YES;
                CLANG_WARN_BLOCK_CAPTURE_AUTORELEASING = YES;
                CLANG_WARN_BOOL_CONVERSION = YES;
                CLANG_WARN_COMMA = YES;
                CLANG_WARN_CONSTANT_CONVERSION = YES;
                CLANG_WARN_DEPRECATED_OBJC_IMPLEMENTATIONS = YES;
                CLANG_WARN_DIRECT_OBJC_ISA_USAGE = YES_ERROR;
                CLANG_WARN_DOCUMENTATION_COMMENTS = YES;
                CLANG_WARN_EMPTY_BODY = YES;
                CLANG_WARN_ENUM_CONVERSION = YES;
                CLANG_WARN_INFINITE_RECURSION = YES;
                CLANG_WARN_INT_CONVERSION = YES;
                CLANG_WARN_NON_LITERAL_NULL_CONVERSION = YES;
                CLANG_WARN_OBJC_IMPLICIT_RETAIN_SELF = YES;
                CLANG_WARN_OBJC_LITERAL_CONVERSION = YES;
                CLANG_WARN_OBJC_ROOT_CLASS = YES_ERROR;
                CLANG_WARN_RANGE_LOOP_ANALYSIS = YES;
                CLANG_WARN_STRICT_PROTOTYPES = YES;
                CLANG_WARN_SUSPICIOUS_MOVE = YES;
                CLANG_WARN_UNGUARDED_AVAILABILITY = YES_AGGRESSIVE;
                CLANG_WARN_UNREACHABLE_CODE = YES;
                CLANG_WARN__DUPLICATE_METHOD_MATCH = YES;
                CODE_SIGN_IDENTITY = "iPhone Developer";
                COPY_PHASE_STRIP = NO;
                DEBUG_INFORMATION_FORMAT = dwarf;
                ENABLE_STRICT_OBJC_MSGSEND = YES;
                ENABLE_TESTABILITY = YES;
                GCC_C_LANGUAGE_STANDARD = gnu11;
                GCC_DYNAMIC_NO_PIC = NO;
                GCC_NO_COMMON_BLOCKS = YES;
                GCC_OPTIMIZATION_LEVEL = 0;
                GCC_PREPROCESSOR_DEFINITIONS = (
                    "DEBUG=1",
                    "$(inherited)",
                );
                GCC_WARN_64_TO_32_BIT_CONVERSION = YES;
                GCC_WARN_ABOUT_RETURN_TYPE = YES_ERROR;
                GCC_WARN_UNDECLARED_SELECTOR = YES;
                GCC_WARN_UNINITIALIZED_AUTOS = YES_AGGRESSIVE;
                GCC_WARN_UNUSED_FUNCTION = YES;
                GCC_WARN_UNUSED_VARIABLE = YES;
                IPHONEOS_DEPLOYMENT_TARGET = 12.1;
                MTL_ENABLE_DEBUG_INFO = INCLUDE_SOURCE;
                MTL_FAST_MATH = YES;
                ONLY_ACTIVE_ARCH = YES;
                SDKROOT = iphoneos;
                SWIFT_ACTIVE_COMPILATION_CONDITIONS = DEBUG;
                SWIFT_OPTIMIZATION_LEVEL = "-Onone";
            };
            name = Debug;
        };
        376E6DB121DC736F005B830E /* Release */ = {
            isa = XCBuildConfiguration;
            buildSettings = {
                ALWAYS_SEARCH_USER_PATHS = NO;
                CLANG_ANALYZER_NONNULL = YES;
                CLANG_ANALYZER_NUMBER_OBJECT_CONVERSION = YES_AGGRESSIVE;
                CLANG_CXX_LANGUAGE_STANDARD = "gnu++14";
                CLANG_CXX_LIBRARY = "libc++";
                CLANG_ENABLE_MODULES = YES;
                CLANG_ENABLE_OBJC_ARC = YES;
                CLANG_ENABLE_OBJC_WEAK = YES;
                CLANG_WARN_BLOCK_CAPTURE_AUTORELEASING = YES;
                CLANG_WARN_BOOL_CONVERSION = YES;
                CLANG_WARN_COMMA = YES;
                CLANG_WARN_CONSTANT_CONVERSION = YES;
                CLANG_WARN_DEPRECATED_OBJC_IMPLEMENTATIONS = YES;
                CLANG_WARN_DIRECT_OBJC_ISA_USAGE = YES_ERROR;
                CLANG_WARN_DOCUMENTATION_COMMENTS = YES;
                CLANG_WARN_EMPTY_BODY = YES;
                CLANG_WARN_ENUM_CONVERSION = YES;
                CLANG_WARN_INFINITE_RECURSION = YES;
                CLANG_WARN_INT_CONVERSION = YES;
                CLANG_WARN_NON_LITERAL_NULL_CONVERSION = YES;
                CLANG_WARN_OBJC_IMPLICIT_RETAIN_SELF = YES;
                CLANG_WARN_OBJC_LITERAL_CONVERSION = YES;
                CLANG_WARN_OBJC_ROOT_CLASS = YES_ERROR;
                CLANG_WARN_RANGE_LOOP_ANALYSIS = YES;
                CLANG_WARN_STRICT_PROTOTYPES = YES;
                CLANG_WARN_SUSPICIOUS_MOVE = YES;
                CLANG_WARN_UNGUARDED_AVAILABILITY = YES_AGGRESSIVE;
                CLANG_WARN_UNREACHABLE_CODE = YES;
                CLANG_WARN__DUPLICATE_METHOD_MATCH = YES;
                CODE_SIGN_IDENTITY = "iPhone Developer";
                COPY_PHASE_STRIP = NO;
                DEBUG_INFORMATION_FORMAT = "dwarf-with-dsym";
                ENABLE_NS_ASSERTIONS = NO;
                ENABLE_STRICT_OBJC_MSGSEND = YES;
                GCC_C_LANGUAGE_STANDARD = gnu11;
                GCC_NO_COMMON_BLOCKS = YES;
                GCC_WARN_64_TO_32_BIT_CONVERSION = YES;
                GCC_WARN_ABOUT_RETURN_TYPE = YES_ERROR;
                GCC_WARN_UNDECLARED_SELECTOR = YES;
                GCC_WARN_UNINITIALIZED_AUTOS = YES_AGGRESSIVE;
                GCC_WARN_UNUSED_FUNCTION = YES;
                GCC_WARN_UNUSED_VARIABLE = YES;
                IPHONEOS_DEPLOYMENT_TARGET = 12.1;
                MTL_ENABLE_DEBUG_INFO = NO;
                MTL_FAST_MATH = YES;
                SDKROOT = iphoneos;
                SWIFT_COMPILATION_MODE = wholemodule;
                SWIFT_OPTIMIZATION_LEVEL = "-O";
                VALIDATE_PRODUCT = YES;
            };
            name = Release;
        };
        376E6DB321DC736F005B830E /* Debug */ = {
            isa = XCBuildConfiguration;
            buildSettings = {
                ASSETCATALOG_COMPILER_APPICON_NAME = AppIcon;
                CODE_SIGN_STYLE = Automatic;
                DEVELOPMENT_TEAM = N55A3MSD3W;
                INFOPLIST_FILE = FinalProject/Info.plist;
                LD_RUNPATH_SEARCH_PATHS = (
                    "$(inherited)",
                    "@executable_path/Frameworks",
                );
                PRODUCT_BUNDLE_IDENTIFIER = "iosda-public-batch1-kelompok3.FinalProject";
                PRODUCT_NAME = "$(TARGET_NAME)";
                SWIFT_VERSION = 4.2;
                TARGETED_DEVICE_FAMILY = "1,2";
            };
            name = Debug;
        };
        376E6DB421DC736F005B830E /* Release */ = {
            isa = XCBuildConfiguration;
            buildSettings = {
                ASSETCATALOG_COMPILER_APPICON_NAME = AppIcon;
                CODE_SIGN_STYLE = Automatic;
                DEVELOPMENT_TEAM = N55A3MSD3W;
                INFOPLIST_FILE = FinalProject/Info.plist;
                LD_RUNPATH_SEARCH_PATHS = (
                    "$(inherited)",
                    "@executable_path/Frameworks",
                );
                PRODUCT_BUNDLE_IDENTIFIER = "iosda-public-batch1-kelompok3.FinalProject";
                PRODUCT_NAME = "$(TARGET_NAME)";
                SWIFT_VERSION = 4.2;
                TARGETED_DEVICE_FAMILY = "1,2";
            };
            name = Release;
        };
        376E6DB621DC736F005B830E /* Debug */ = {
            isa = XCBuildConfiguration;
            buildSettings = {
                ALWAYS_EMBED_SWIFT_STANDARD_LIBRARIES = YES;
                BUNDLE_LOADER = "$(TEST_HOST)";
                CODE_SIGN_STYLE = Automatic;
                DEVELOPMENT_TEAM = N55A3MSD3W;
                INFOPLIST_FILE = FinalProjectTests/Info.plist;
                LD_RUNPATH_SEARCH_PATHS = (
                    "$(inherited)",
                    "@executable_path/Frameworks",
                    "@loader_path/Frameworks",
                );
                PRODUCT_BUNDLE_IDENTIFIER = "iosda-public-batch1-kelompok3.FinalProjectTests";
                PRODUCT_NAME = "$(TARGET_NAME)";
                SWIFT_VERSION = 4.2;
                TARGETED_DEVICE_FAMILY = "1,2";
                TEST_HOST = "$(BUILT_PRODUCTS_DIR)/FinalProject.app/FinalProject";
            };
            name = Debug;
        };
        376E6DB721DC736F005B830E /* Release */ = {
            isa = XCBuildConfiguration;
            buildSettings = {
                ALWAYS_EMBED_SWIFT_STANDARD_LIBRARIES = YES;
                BUNDLE_LOADER = "$(TEST_HOST)";
                CODE_SIGN_STYLE = Automatic;
                DEVELOPMENT_TEAM = N55A3MSD3W;
                INFOPLIST_FILE = FinalProjectTests/Info.plist;
                LD_RUNPATH_SEARCH_PATHS = (
                    "$(inherited)",
                    "@executable_path/Frameworks",
                    "@loader_path/Frameworks",
                );
                PRODUCT_BUNDLE_IDENTIFIER = "iosda-public-batch1-kelompok3.FinalProjectTests";
                PRODUCT_NAME = "$(TARGET_NAME)";
                SWIFT_VERSION = 4.2;
                TARGETED_DEVICE_FAMILY = "1,2";
                TEST_HOST = "$(BUILT_PRODUCTS_DIR)/FinalProject.app/FinalProject";
            };
            name = Release;
        };
/* End XCBuildConfiguration section */

/* Begin XCConfigurationList section */
        376E6D8A21DC736E005B830E /* Build configuration list for PBXProject "FinalProject" */ = {
            isa = XCConfigurationList;
            buildConfigurations = (
                376E6DB021DC736F005B830E /* Debug */,
                376E6DB121DC736F005B830E /* Release */,
            );
            defaultConfigurationIsVisible = 0;
            defaultConfigurationName = Release;
        };
        376E6DB221DC736F005B830E /* Build configuration list for PBXNativeTarget "FinalProject" */ = {
            isa = XCConfigurationList;
            buildConfigurations = (
                376E6DB321DC736F005B830E /* Debug */,
                376E6DB421DC736F005B830E /* Release */,
            );
            defaultConfigurationIsVisible = 0;
            defaultConfigurationName = Release;
        };
        376E6DB521DC736F005B830E /* Build configuration list for PBXNativeTarget "FinalProjectTests" */ = {
            isa = XCConfigurationList;
            buildConfigurations = (
                376E6DB621DC736F005B830E /* Debug */,
                376E6DB721DC736F005B830E /* Release */,
            );
            defaultConfigurationIsVisible = 0;
            defaultConfigurationName = Release;
        };
/* End XCConfigurationList section */

/* Begin XCVersionGroup section */
        373A51C521EADE69002EDFC1 /* DataModel.xcdatamodeld */ = {
            isa = XCVersionGroup;
            children = (
                373A51C621EADE69002EDFC1 /* DataModel.xcdatamodel */,
            );
            currentVersion = 373A51C621EADE69002EDFC1 /* DataModel.xcdatamodel */;
            path = DataModel.xcdatamodeld;
            sourceTree = "<group>";
            versionGroupType = wrapper.xcdatamodel;
        };
/* End XCVersionGroup section */
    };
    rootObject = 376E6D8721DC736E005B830E /* Project object */;
}
